
Microsoft Visual Studio Solution File, Format Version 12.00
# Visual Studio Version 16
VisualStudioVersion = 16.0.30907.101
MinimumVisualStudioVersion = 10.0.40219.1
Project("{FAE04EC0-301F-11D3-BF4B-00C04F79EFBC}") = "StockAPI", "StockAPI\StockAPI.csproj", "{8EF42EC0-EBDD-4896-A920-2BC015A9926C}"
EndProject
Global
	GlobalSection(SolutionConfigurationPlatforms) = preSolution
		Debug|Any CPU = Debug|Any CPU
		Release|Any CPU = Release|Any CPU
	EndGlobalSection
	GlobalSection(ProjectConfigurationPlatforms) = postSolution
		{8EF42EC0-EBDD-4896-A920-2BC015A9926C}.Debug|Any CPU.ActiveCfg = Debug|Any CPU
		{8EF42EC0-EBDD-4896-A920-2BC015A9926C}.Debug|Any CPU.Build.0 = Debug|Any CPU
		{8EF42EC0-EBDD-4896-A920-2BC015A9926C}.Release|Any CPU.ActiveCfg = Release|Any CPU
		{8EF42EC0-EBDD-4896-A920-2BC015A9926C}.Release|Any CPU.Build.0 = Release|Any CPU
	EndGlobalSection
	GlobalSection(SolutionProperties) = preSolution
		HideSolutionNode = FALSE
	EndGlobalSection
	GlobalSection(ExtensibilityGlobals) = postSolution
		SolutionGuid = {8EB0845E-5B72-417B-9792-538423E07130}
	EndGlobalSection
EndGlobal
